// !$*UTF8*$!
{
	archiveVersion = 1;
	classes = {
	};
	objectVersion = 55;
	objects = {

/* Begin PBXBuildFile section */
		91097F63294868F000DF881C /* AppDelegate.swift in Sources */ = {isa = PBXBuildFile; fileRef = 91097F62294868F000DF881C /* AppDelegate.swift */; };
		91097F65294868F000DF881C /* SceneDelegate.swift in Sources */ = {isa = PBXBuildFile; fileRef = 91097F64294868F000DF881C /* SceneDelegate.swift */; };
		91097F67294868F000DF881C /* ViewController.swift in Sources */ = {isa = PBXBuildFile; fileRef = 91097F66294868F000DF881C /* ViewController.swift */; };
		91097F6A294868F000DF881C /* Main.storyboard in Resources */ = {isa = PBXBuildFile; fileRef = 91097F68294868F000DF881C /* Main.storyboard */; };
		91097F6C294868F200DF881C /* Assets.xcassets in Resources */ = {isa = PBXBuildFile; fileRef = 91097F6B294868F200DF881C /* Assets.xcassets */; };
		91097F6F294868F200DF881C /* LaunchScreen.storyboard in Resources */ = {isa = PBXBuildFile; fileRef = 91097F6D294868F200DF881C /* LaunchScreen.storyboard */; };
		91A10408294871EC00B63793 /* PersonalInformationScreenViewController.swift in Sources */ = {isa = PBXBuildFile; fileRef = 91A10407294871EC00B63793 /* PersonalInformationScreenViewController.swift */; };
		91D36C4B294A8ED500A9D408 /* PersonalInformationScreenSetting.swift in Sources */ = {isa = PBXBuildFile; fileRef = 91D36C4A294A8ED500A9D408 /* PersonalInformationScreenSetting.swift */; };
		91E028212949A5B600A826A3 /* BMIRecord.swift in Sources */ = {isa = PBXBuildFile; fileRef = 91E028202949A5B600A826A3 /* BMIRecord.swift */; };
		91E028232949A67B00A826A3 /* BMIRecordList.swift in Sources */ = {isa = PBXBuildFile; fileRef = 91E028222949A67B00A826A3 /* BMIRecordList.swift */; };
		91FA2F6929495F9A0000C4D0 /* BMITrackingScreenTableViewController.swift in Sources */ = {isa = PBXBuildFile; fileRef = 91FA2F6829495F9A0000C4D0 /* BMITrackingScreenTableViewController.swift */; };
		91FA2F6C2949605F0000C4D0 /* BMITrackingTableViewCell.swift in Sources */ = {isa = PBXBuildFile; fileRef = 91FA2F6A2949605F0000C4D0 /* BMITrackingTableViewCell.swift */; };
		91FA2F6D2949605F0000C4D0 /* BMITrackingTableViewCell.xib in Resources */ = {isa = PBXBuildFile; fileRef = 91FA2F6B2949605F0000C4D0 /* BMITrackingTableViewCell.xib */; };
/* End PBXBuildFile section */

/* Begin PBXFileReference section */
		91097F5F294868F000DF881C /* BMI Calculator App.app */ = {isa = PBXFileReference; explicitFileType = wrapper.application; includeInIndex = 0; path = "BMI Calculator App.app"; sourceTree = BUILT_PRODUCTS_DIR; };
		91097F62294868F000DF881C /* AppDelegate.swift */ = {isa = PBXFileReference; lastKnownFileType = sourcecode.swift; path = AppDelegate.swift; sourceTree = "<group>"; };
		91097F64294868F000DF881C /* SceneDelegate.swift */ = {isa = PBXFileReference; lastKnownFileType = sourcecode.swift; path = SceneDelegate.swift; sourceTree = "<group>"; };
		91097F66294868F000DF881C /* ViewController.swift */ = {isa = PBXFileReference; lastKnownFileType = sourcecode.swift; path = ViewController.swift; sourceTree = "<group>"; };
		91097F69294868F000DF881C /* Base */ = {isa = PBXFileReference; lastKnownFileType = file.storyboard; name = Base; path = Base.lproj/Main.storyboard; sourceTree = "<group>"; };
		91097F6B294868F200DF881C /* Assets.xcassets */ = {isa = PBXFileReference; lastKnownFileType = folder.assetcatalog; path = Assets.xcassets; sourceTree = "<group>"; };
		91097F6E294868F200DF881C /* Base */ = {isa = PBXFileReference; lastKnownFileType = file.storyboard; name = Base; path = Base.lproj/LaunchScreen.storyboard; sourceTree = "<group>"; };
		91097F70294868F200DF881C /* Info.plist */ = {isa = PBXFileReference; lastKnownFileType = text.plist.xml; path = Info.plist; sourceTree = "<group>"; };
		91A10407294871EC00B63793 /* PersonalInformationScreenViewController.swift */ = {isa = PBXFileReference; lastKnownFileType = sourcecode.swift; path = PersonalInformationScreenViewController.swift; sourceTree = "<group>"; };
		91D36C4A294A8ED500A9D408 /* PersonalInformationScreenSetting.swift */ = {isa = PBXFileReference; lastKnownFileType = sourcecode.swift; path = PersonalInformationScreenSetting.swift; sourceTree = "<group>"; };
		91E028202949A5B600A826A3 /* BMIRecord.swift */ = {isa = PBXFileReference; lastKnownFileType = sourcecode.swift; path = BMIRecord.swift; sourceTree = "<group>"; };
		91E028222949A67B00A826A3 /* BMIRecordList.swift */ = {isa = PBXFileReference; lastKnownFileType = sourcecode.swift; path = BMIRecordList.swift; sourceTree = "<group>"; };
		91FA2F6829495F9A0000C4D0 /* BMITrackingScreenTableViewController.swift */ = {isa = PBXFileReference; lastKnownFileType = sourcecode.swift; path = BMITrackingScreenTableViewController.swift; sourceTree = "<group>"; };
		91FA2F6A2949605F0000C4D0 /* BMITrackingTableViewCell.swift */ = {isa = PBXFileReference; lastKnownFileType = sourcecode.swift; path = BMITrackingTableViewCell.swift; sourceTree = "<group>"; };
		91FA2F6B2949605F0000C4D0 /* BMITrackingTableViewCell.xib */ = {isa = PBXFileReference; lastKnownFileType = file.xib; path = BMITrackingTableViewCell.xib; sourceTree = "<group>"; };
/* End PBXFileReference section */

/* Begin PBXFrameworksBuildPhase section */
		91097F5C294868F000DF881C /* Frameworks */ = {
			isa = PBXFrameworksBuildPhase;
			buildActionMask = 2147483647;
			files = (
			);
			runOnlyForDeploymentPostprocessing = 0;
		};
/* End PBXFrameworksBuildPhase section */

/* Begin PBXGroup section */
		91097F56294868F000DF881C = {
			isa = PBXGroup;
			children = (
				91097F61294868F000DF881C /* BMI Calculator App */,
				91097F60294868F000DF881C /* Products */,
			);
			sourceTree = "<group>";
		};
		91097F60294868F000DF881C /* Products */ = {
			isa = PBXGroup;
			children = (
				91097F5F294868F000DF881C /* BMI Calculator App.app */,
			);
			name = Products;
			sourceTree = "<group>";
		};
		91097F61294868F000DF881C /* BMI Calculator App */ = {
			isa = PBXGroup;
			children = (
				91097F62294868F000DF881C /* AppDelegate.swift */,
				91097F64294868F000DF881C /* SceneDelegate.swift */,
				91097F66294868F000DF881C /* ViewController.swift */,
				91097F68294868F000DF881C /* Main.storyboard */,
				91097F6B294868F200DF881C /* Assets.xcassets */,
				91097F6D294868F200DF881C /* LaunchScreen.storyboard */,
				91097F70294868F200DF881C /* Info.plist */,
				91A10407294871EC00B63793 /* PersonalInformationScreenViewController.swift */,
				91FA2F6829495F9A0000C4D0 /* BMITrackingScreenTableViewController.swift */,
				91FA2F6A2949605F0000C4D0 /* BMITrackingTableViewCell.swift */,
				91FA2F6B2949605F0000C4D0 /* BMITrackingTableViewCell.xib */,
				91E028202949A5B600A826A3 /* BMIRecord.swift */,
				91E028222949A67B00A826A3 /* BMIRecordList.swift */,
				91D36C4A294A8ED500A9D408 /* PersonalInformationScreenSetting.swift */,
			);
			path = "BMI Calculator App";
			sourceTree = "<group>";
		};
/* End PBXGroup section */

/* Begin PBXNativeTarget section */
		91097F5E294868F000DF881C /* BMI Calculator App */ = {
			isa = PBXNativeTarget;
			buildConfigurationList = 91097F73294868F200DF881C /* Build configuration list for PBXNativeTarget "BMI Calculator App" */;
			buildPhases = (
				91097F5B294868F000DF881C /* Sources */,
				91097F5C294868F000DF881C /* Frameworks */,
				91097F5D294868F000DF881C /* Resources */,
			);
			buildRules = (
			);
			dependencies = (
			);
			name = "BMI Calculator App";
			productName = "BMI Calculator App";
			productReference = 91097F5F294868F000DF881C /* BMI Calculator App.app */;
			productType = "com.apple.product-type.application";
		};
/* End PBXNativeTarget section */

/* Begin PBXProject section */
		91097F57294868F000DF881C /* Project object */ = {
			isa = PBXProject;
			attributes = {
				BuildIndependentTargetsInParallel = 1;
				LastSwiftUpdateCheck = 1340;
				LastUpgradeCheck = 1340;
				TargetAttributes = {
					91097F5E294868F000DF881C = {
						CreatedOnToolsVersion = 13.4.1;
					};
				};
			};
			buildConfigurationList = 91097F5A294868F000DF881C /* Build configuration list for PBXProject "BMI Calculator App" */;
			compatibilityVersion = "Xcode 13.0";
			developmentRegion = en;
			hasScannedForEncodings = 0;
			knownRegions = (
				en,
				Base,
			);
			mainGroup = 91097F56294868F000DF881C;
			productRefGroup = 91097F60294868F000DF881C /* Products */;
			projectDirPath = "";
			projectRoot = "";
			targets = (
				91097F5E294868F000DF881C /* BMI Calculator App */,
			);
		};
/* End PBXProject section */

/* Begin PBXResourcesBuildPhase section */
		91097F5D294868F000DF881C /* Resources */ = {
			isa = PBXResourcesBuildPhase;
			buildActionMask = 2147483647;
			files = (
				91097F6F294868F200DF881C /* LaunchScreen.storyboard in Resources */,
				91097F6C294868F200DF881C /* Assets.xcassets in Resources */,
				91097F6A294868F000DF881C /* Main.storyboard in Resources */,
				91FA2F6D2949605F0000C4D0 /* BMITrackingTableViewCell.xib in Resources */,
			);
			runOnlyForDeploymentPostprocessing = 0;
		};
/* End PBXResourcesBuildPhase section */

/* Begin PBXSourcesBuildPhase section */
		91097F5B294868F000DF881C /* Sources */ = {
			isa = PBXSourcesBuildPhase;
			buildActionMask = 2147483647;
			files = (
				91FA2F6929495F9A0000C4D0 /* BMITrackingScreenTableViewController.swift in Sources */,
				91D36C4B294A8ED500A9D408 /* PersonalInformationScreenSetting.swift in Sources */,
				91E028232949A67B00A826A3 /* BMIRecordList.swift in Sources */,
				91FA2F6C2949605F0000C4D0 /* BMITrackingTableViewCell.swift in Sources */,
				91E028212949A5B600A826A3 /* BMIRecord.swift in Sources */,
				91097F67294868F000DF881C /* ViewController.swift in Sources */,
				91A10408294871EC00B63793 /* PersonalInformationScreenViewController.swift in Sources */,
				91097F63294868F000DF881C /* AppDelegate.swift in Sources */,
				91097F65294868F000DF881C /* SceneDelegate.swift in Sources */,
			);
			runOnlyForDeploymentPostprocessing = 0;
		};
/* End PBXSourcesBuildPhase section */

/* Begin PBXVariantGroup section */
		91097F68294868F000DF881C /* Main.storyboard */ = {
			isa = PBXVariantGroup;
			children = (
				91097F69294868F000DF881C /* Base */,
			);
			name = Main.storyboard;
			sourceTree = "<group>";
		};
		91097F6D294868F200DF881C /* LaunchScreen.storyboard */ = {
			isa = PBXVariantGroup;
			children = (
				91097F6E294868F200DF881C /* Base */,
			);
			name = LaunchScreen.storyboard;
			sourceTree = "<group>";
		};
/* End PBXVariantGroup section */

/* Begin XCBuildConfiguration section */
		91097F71294868F200DF881C /* Debug */ = {
			isa = XCBuildConfiguration;
			buildSettings = {
				ALWAYS_SEARCH_USER_PATHS = NO;
				CLANG_ANALYZER_NONNULL = YES;
				CLANG_ANALYZER_NUMBER_OBJECT_CONVERSION = YES_AGGRESSIVE;
				CLANG_CXX_LANGUAGE_STANDARD = "gnu++17";
				CLANG_ENABLE_MODULES = YES;
				CLANG_ENABLE_OBJC_ARC = YES;
				CLANG_ENABLE_OBJC_WEAK = YES;
				CLANG_WARN_BLOCK_CAPTURE_AUTORELEASING = YES;
				CLANG_WARN_BOOL_CONVERSION = YES;
				CLANG_WARN_COMMA = YES;
				CLANG_WARN_CONSTANT_CONVERSION = YES;
				CLANG_WARN_DEPRECATED_OBJC_IMPLEMENTATIONS = YES;
				CLANG_WARN_DIRECT_OBJC_ISA_USAGE = YES_ERROR;
				CLANG_WARN_DOCUMENTATION_COMMENTS = YES;
				CLANG_WARN_EMPTY_BODY = YES;
				CLANG_WARN_ENUM_CONVERSION = YES;
				CLANG_WARN_INFINITE_RECURSION = YES;
				CLANG_WARN_INT_CONVERSION = YES;
				CLANG_WARN_NON_LITERAL_NULL_CONVERSION = YES;
				CLANG_WARN_OBJC_IMPLICIT_RETAIN_SELF = YES;
				CLANG_WARN_OBJC_LITERAL_CONVERSION = YES;
				CLANG_WARN_OBJC_ROOT_CLASS = YES_ERROR;
				CLANG_WARN_QUOTED_INCLUDE_IN_FRAMEWORK_HEADER = YES;
				CLANG_WARN_RANGE_LOOP_ANALYSIS = YES;
				CLANG_WARN_STRICT_PROTOTYPES = YES;
				CLANG_WARN_SUSPICIOUS_MOVE = YES;
				CLANG_WARN_UNGUARDED_AVAILABILITY = YES_AGGRESSIVE;
				CLANG_WARN_UNREACHABLE_CODE = YES;
				CLANG_WARN__DUPLICATE_METHOD_MATCH = YES;
				COPY_PHASE_STRIP = NO;
				DEBUG_INFORMATION_FORMAT = dwarf;
				ENABLE_STRICT_OBJC_MSGSEND = YES;
				ENABLE_TESTABILITY = YES;
				GCC_C_LANGUAGE_STANDARD = gnu11;
				GCC_DYNAMIC_NO_PIC = NO;
				GCC_NO_COMMON_BLOCKS = YES;
				GCC_OPTIMIZATION_LEVEL = 0;
				GCC_PREPROCESSOR_DEFINITIONS = (
					"DEBUG=1",
					"$(inherited)",
				);
				GCC_WARN_64_TO_32_BIT_CONVERSION = YES;
				GCC_WARN_ABOUT_RETURN_TYPE = YES_ERROR;
				GCC_WARN_UNDECLARED_SELECTOR = YES;
				GCC_WARN_UNINITIALIZED_AUTOS = YES_AGGRESSIVE;
				GCC_WARN_UNUSED_FUNCTION = YES;
				GCC_WARN_UNUSED_VARIABLE = YES;
				IPHONEOS_DEPLOYMENT_TARGET = 15.5;
				MTL_ENABLE_DEBUG_INFO = INCLUDE_SOURCE;
				MTL_FAST_MATH = YES;
				ONLY_ACTIVE_ARCH = YES;
				SDKROOT = iphoneos;
				SWIFT_ACTIVE_COMPILATION_CONDITIONS = DEBUG;
				SWIFT_OPTIMIZATION_LEVEL = "-Onone";
			};
			name = Debug;
		};
		91097F72294868F200DF881C /* Release */ = {
			isa = XCBuildConfiguration;
			buildSettings = {
				ALWAYS_SEARCH_USER_PATHS = NO;
				CLANG_ANALYZER_NONNULL = YES;
				CLANG_ANALYZER_NUMBER_OBJECT_CONVERSION = YES_AGGRESSIVE;
				CLANG_CXX_LANGUAGE_STANDARD = "gnu++17";
				CLANG_ENABLE_MODULES = YES;
				CLANG_ENABLE_OBJC_ARC = YES;
				CLANG_ENABLE_OBJC_WEAK = YES;
				CLANG_WARN_BLOCK_CAPTURE_AUTORELEASING = YES;
				CLANG_WARN_BOOL_CONVERSION = YES;
				CLANG_WARN_COMMA = YES;
				CLANG_WARN_CONSTANT_CONVERSION = YES;
				CLANG_WARN_DEPRECATED_OBJC_IMPLEMENTATIONS = YES;
				CLANG_WARN_DIRECT_OBJC_ISA_USAGE = YES_ERROR;
				CLANG_WARN_DOCUMENTATION_COMMENTS = YES;
				CLANG_WARN_EMPTY_BODY = YES;
				CLANG_WARN_ENUM_CONVERSION = YES;
				CLANG_WARN_INFINITE_RECURSION = YES;
				CLANG_WARN_INT_CONVERSION = YES;
				CLANG_WARN_NON_LITERAL_NULL_CONVERSION = YES;
				CLANG_WARN_OBJC_IMPLICIT_RETAIN_SELF = YES;
				CLANG_WARN_OBJC_LITERAL_CONVERSION = YES;
				CLANG_WARN_OBJC_ROOT_CLASS = YES_ERROR;
				CLANG_WARN_QUOTED_INCLUDE_IN_FRAMEWORK_HEADER = YES;
				CLANG_WARN_RANGE_LOOP_ANALYSIS = YES;
				CLANG_WARN_STRICT_PROTOTYPES = YES;
				CLANG_WARN_SUSPICIOUS_MOVE = YES;
				CLANG_WARN_UNGUARDED_AVAILABILITY = YES_AGGRESSIVE;
				CLANG_WARN_UNREACHABLE_CODE = YES;
				CLANG_WARN__DUPLICATE_METHOD_MATCH = YES;
				COPY_PHASE_STRIP = NO;
				DEBUG_INFORMATION_FORMAT = "dwarf-with-dsym";
				ENABLE_NS_ASSERTIONS = NO;
				ENABLE_STRICT_OBJC_MSGSEND = YES;
				GCC_C_LANGUAGE_STANDARD = gnu11;
				GCC_NO_COMMON_BLOCKS = YES;
				GCC_WARN_64_TO_32_BIT_CONVERSION = YES;
				GCC_WARN_ABOUT_RETURN_TYPE = YES_ERROR;
				GCC_WARN_UNDECLARED_SELECTOR = YES;
				GCC_WARN_UNINITIALIZED_AUTOS = YES_AGGRESSIVE;
				GCC_WARN_UNUSED_FUNCTION = YES;
				GCC_WARN_UNUSED_VARIABLE = YES;
				IPHONEOS_DEPLOYMENT_TARGET = 15.5;
				MTL_ENABLE_DEBUG_INFO = NO;
				MTL_FAST_MATH = YES;
				SDKROOT = iphoneos;
				SWIFT_COMPILATION_MODE = wholemodule;
				SWIFT_OPTIMIZATION_LEVEL = "-O";
				VALIDATE_PRODUCT = YES;
			};
			name = Release;
		};
		91097F74294868F200DF881C /* Debug */ = {
			isa = XCBuildConfiguration;
			buildSettings = {
				ASSETCATALOG_COMPILER_APPICON_NAME = AppIcon;
				ASSETCATALOG_COMPILER_GLOBAL_ACCENT_COLOR_NAME = AccentColor;
				CODE_SIGN_STYLE = Automatic;
				CURRENT_PROJECT_VERSION = 1;
				GENERATE_INFOPLIST_FILE = YES;
				INFOPLIST_FILE = "BMI Calculator App/Info.plist";
				INFOPLIST_KEY_UIApplicationSupportsIndirectInputEvents = YES;
				INFOPLIST_KEY_UILaunchStoryboardName = LaunchScreen;
				INFOPLIST_KEY_UIMainStoryboardFile = Main;
				INFOPLIST_KEY_UISupportedInterfaceOrientations_iPad = "UIInterfaceOrientationPortrait UIInterfaceOrientationPortraitUpsideDown UIInterfaceOrientationLandscapeLeft UIInterfaceOrientationLandscapeRight";
				INFOPLIST_KEY_UISupportedInterfaceOrientations_iPhone = "UIInterfaceOrientationPortrait UIInterfaceOrientationLandscapeLeft UIInterfaceOrientationLandscapeRight";
				LD_RUNPATH_SEARCH_PATHS = (
					"$(inherited)",
					"@executable_path/Frameworks",
				);
				MARKETING_VERSION = 1.0;
				PRODUCT_BUNDLE_IDENTIFIER = "ca.centennial.college.BMI-Calculator-App";
				PRODUCT_NAME = "$(TARGET_NAME)";
				SWIFT_EMIT_LOC_STRINGS = YES;
				SWIFT_VERSION = 5.0;
				TARGETED_DEVICE_FAMILY = "1,2";
			};
			name = Debug;
		};
		91097F75294868F200DF881C /* Release */ = {
			isa = XCBuildConfiguration;
			buildSettings = {
				ASSETCATALOG_COMPILER_APPICON_NAME = AppIcon;
				ASSETCATALOG_COMPILER_GLOBAL_ACCENT_COLOR_NAME = AccentColor;
				CODE_SIGN_STYLE = Automatic;
				CURRENT_PROJECT_VERSION = 1;
				GENERATE_INFOPLIST_FILE = YES;
				INFOPLIST_FILE = "BMI Calculator App/Info.plist";
				INFOPLIST_KEY_UIApplicationSupportsIndirectInputEvents = YES;
				INFOPLIST_KEY_UILaunchStoryboardName = LaunchScreen;
				INFOPLIST_KEY_UIMainStoryboardFile = Main;
				INFOPLIST_KEY_UISupportedInterfaceOrientations_iPad = "UIInterfaceOrientationPortrait UIInterfaceOrientationPortraitUpsideDown UIInterfaceOrientationLandscapeLeft UIInterfaceOrientationLandscapeRight";
				INFOPLIST_KEY_UISupportedInterfaceOrientations_iPhone = "UIInterfaceOrientationPortrait UIInterfaceOrientationLandscapeLeft UIInterfaceOrientationLandscapeRight";
				LD_RUNPATH_SEARCH_PATHS = (
					"$(inherited)",
					"@executable_path/Frameworks",
				);
				MARKETING_VERSION = 1.0;
				PRODUCT_BUNDLE_IDENTIFIER = "ca.centennial.college.BMI-Calculator-App";
				PRODUCT_NAME = "$(TARGET_NAME)";
				SWIFT_EMIT_LOC_STRINGS = YES;
				SWIFT_VERSION = 5.0;
				TARGETED_DEVICE_FAMILY = "1,2";
			};
			name = Release;
		};
/* End XCBuildConfiguration section */

/* Begin XCConfigurationList section */
		91097F5A294868F000DF881C /* Build configuration list for PBXProject "BMI Calculator App" */ = {
			isa = XCConfigurationList;
			buildConfigurations = (
				91097F71294868F200DF881C /* Debug */,
				91097F72294868F200DF881C /* Release */,
			);
			defaultConfigurationIsVisible = 0;
			defaultConfigurationName = Release;
		};
		91097F73294868F200DF881C /* Build configuration list for PBXNativeTarget "BMI Calculator App" */ = {
			isa = XCConfigurationList;
			buildConfigurations = (
				91097F74294868F200DF881C /* Debug */,
				91097F75294868F200DF881C /* Release */,
			);
			defaultConfigurationIsVisible = 0;
			defaultConfigurationName = Release;
		};
/* End XCConfigurationList section */
	};
	rootObject = 91097F57294868F000DF881C /* Project object */;
}
